
Microsoft Visual Studio Solution File, Format Version 12.00
# Visual Studio Version 17
VisualStudioVersion = 17.3.32922.545
MinimumVisualStudioVersion = 10.0.40219.1
Project("{FAE04EC0-301F-11D3-BF4B-00C04F79EFBC}") = "TestsGenerator.Console", "TestsGenerator.Console\TestsGenerator.Console.csproj", "{90D66C0E-E08A-42C9-A9F8-C1E0F762FA55}"
EndProject
Project("{FAE04EC0-301F-11D3-BF4B-00C04F79EFBC}") = "TestsGenerator.Core", "TestsGeneratpr.Core\TestsGenerator.Core.csproj", "{5DC26481-F060-4818-9F87-B6F5A96A4713}"
EndProject
Global
	GlobalSection(SolutionConfigurationPlatforms) = preSolution
		Debug|Any CPU = Debug|Any CPU
		Release|Any CPU = Release|Any CPU
	EndGlobalSection
	GlobalSection(ProjectConfigurationPlatforms) = postSolution
		{90D66C0E-E08A-42C9-A9F8-C1E0F762FA55}.Debug|Any CPU.ActiveCfg = Debug|Any CPU
		{90D66C0E-E08A-42C9-A9F8-C1E0F762FA55}.Debug|Any CPU.Build.0 = Debug|Any CPU
		{90D66C0E-E08A-42C9-A9F8-C1E0F762FA55}.Release|Any CPU.ActiveCfg = Release|Any CPU
		{90D66C0E-E08A-42C9-A9F8-C1E0F762FA55}.Release|Any CPU.Build.0 = Release|Any CPU
		{5DC26481-F060-4818-9F87-B6F5A96A4713}.Debug|Any CPU.ActiveCfg = Debug|Any CPU
		{5DC26481-F060-4818-9F87-B6F5A96A4713}.Debug|Any CPU.Build.0 = Debug|Any CPU
		{5DC26481-F060-4818-9F87-B6F5A96A4713}.Release|Any CPU.ActiveCfg = Release|Any CPU
		{5DC26481-F060-4818-9F87-B6F5A96A4713}.Release|Any CPU.Build.0 = Release|Any CPU
	EndGlobalSection
	GlobalSection(SolutionProperties) = preSolution
		HideSolutionNode = FALSE
	EndGlobalSection
	GlobalSection(ExtensibilityGlobals) = postSolution
		SolutionGuid = {8D1E7BAF-7D7F-4C7C-B17A-CA25CC1F5B4B}
	EndGlobalSection
EndGlobal
